
Microsoft Visual Studio Solution File, Format Version 12.00
# Visual Studio 15
VisualStudioVersion = 15.0.28307.168
MinimumVisualStudioVersion = 10.0.40219.1
Project("{FAE04EC0-301F-11D3-BF4B-00C04F79EFBC}") = "ae.adaal", "ae.adaal\ae.adaal.csproj", "{B6201D78-3BE5-4E36-99D7-D0C95219FE48}"
EndProject
Project("{FAE04EC0-301F-11D3-BF4B-00C04F79EFBC}") = "ae.auth", "ae.auth\ae.auth.csproj", "{96355D7E-2702-4129-BC88-27AF6052861C}"
EndProject
Project("{FAE04EC0-301F-11D3-BF4B-00C04F79EFBC}") = "ae.auth.tests", "ae.auth.tests\ae.auth.tests.csproj", "{AD679334-65E6-4B14-BE59-F0B9F0E161A5}"
EndProject
Global
	GlobalSection(SolutionConfigurationPlatforms) = preSolution
		Debug|Any CPU = Debug|Any CPU
		Release|Any CPU = Release|Any CPU
	EndGlobalSection
	GlobalSection(ProjectConfigurationPlatforms) = postSolution
		{B6201D78-3BE5-4E36-99D7-D0C95219FE48}.Debug|Any CPU.ActiveCfg = Debug|Any CPU
		{B6201D78-3BE5-4E36-99D7-D0C95219FE48}.Debug|Any CPU.Build.0 = Debug|Any CPU
		{B6201D78-3BE5-4E36-99D7-D0C95219FE48}.Release|Any CPU.ActiveCfg = Release|Any CPU
		{B6201D78-3BE5-4E36-99D7-D0C95219FE48}.Release|Any CPU.Build.0 = Release|Any CPU
		{96355D7E-2702-4129-BC88-27AF6052861C}.Debug|Any CPU.ActiveCfg = Debug|Any CPU
		{96355D7E-2702-4129-BC88-27AF6052861C}.Debug|Any CPU.Build.0 = Debug|Any CPU
		{96355D7E-2702-4129-BC88-27AF6052861C}.Release|Any CPU.ActiveCfg = Release|Any CPU
		{96355D7E-2702-4129-BC88-27AF6052861C}.Release|Any CPU.Build.0 = Release|Any CPU
		{AD679334-65E6-4B14-BE59-F0B9F0E161A5}.Debug|Any CPU.ActiveCfg = Debug|Any CPU
		{AD679334-65E6-4B14-BE59-F0B9F0E161A5}.Debug|Any CPU.Build.0 = Debug|Any CPU
		{AD679334-65E6-4B14-BE59-F0B9F0E161A5}.Release|Any CPU.ActiveCfg = Release|Any CPU
		{AD679334-65E6-4B14-BE59-F0B9F0E161A5}.Release|Any CPU.Build.0 = Release|Any CPU
	EndGlobalSection
	GlobalSection(SolutionProperties) = preSolution
		HideSolutionNode = FALSE
	EndGlobalSection
	GlobalSection(ExtensibilityGlobals) = postSolution
		SolutionGuid = {6A4761ED-0046-490F-8DE7-CEBBCC4540AE}
	EndGlobalSection
EndGlobal
